
Microsoft Visual Studio Solution File, Format Version 12.00
# Visual Studio 2013
VisualStudioVersion = 12.0.31101.0
MinimumVisualStudioVersion = 10.0.40219.1
Project("{2150E333-8FDC-42A3-9474-1A3956D46DE8}") = ".nuget", ".nuget", "{30167CA5-B827-4781-A713-1024D1538129}"
	ProjectSection(SolutionItems) = preProject
		.nuget\NuGet.Config = .nuget\NuGet.Config
		.nuget\NuGet.exe = .nuget\NuGet.exe
		.nuget\NuGet.targets = .nuget\NuGet.targets
	EndProjectSection
EndProject
Project("{2150E333-8FDC-42A3-9474-1A3956D46DE8}") = "Source", "Source", "{80058A54-6223-480C-AA19-F99E7AE593F3}"
EndProject
Project("{2150E333-8FDC-42A3-9474-1A3956D46DE8}") = "Test", "Test", "{C5A4976B-EABE-41F5-A855-6B887A04F333}"
EndProject
Project("{2150E333-8FDC-42A3-9474-1A3956D46DE8}") = "Imaging", "Imaging", "{D89DBEF4-6579-47B5-91EF-B7290D883D8D}"
EndProject
Project("{2150E333-8FDC-42A3-9474-1A3956D46DE8}") = "FastTemplateMatching", "FastTemplateMatching", "{81F23CF6-C8A5-4BB7-9070-3E2179BAB6EC}"
EndProject
Project("{8BC9CEB8-8B4A-11D0-8D11-00A0C91BC942}") = "SIMDArrayInstructions", "Source\Imaging\FastTemplateMatching\SIMDArrayInstructions\SIMDArrayInstructions.vcxproj", "{06DC371A-D057-4353-9D70-544329B6CFEF}"
EndProject
Project("{FAE04EC0-301F-11D3-BF4B-00C04F79EFBC}") = "Imaging.Algorithms.LINE2D", "Source\Imaging\FastTemplateMatching\Imaging.Algorithms.LINE2D.csproj", "{5F6B97F8-7EA6-4B5D-9A5D-F5581505C303}"
	ProjectSection(ProjectDependencies) = postProject
		{06DC371A-D057-4353-9D70-544329B6CFEF} = {06DC371A-D057-4353-9D70-544329B6CFEF}
	EndProjectSection
EndProject
Project("{2150E333-8FDC-42A3-9474-1A3956D46DE8}") = "Deployment", "Deployment", "{80FC5EA1-3478-4E7F-8B05-190DF6750EA4}"
	ProjectSection(SolutionItems) = preProject
		Deployment\Licence.txt = Deployment\Licence.txt
	EndProjectSection
EndProject
Project("{FAE04EC0-301F-11D3-BF4B-00C04F79EFBC}") = "Setup.NuGet", "Deployment\Setup.NuGet\Setup.NuGet.csproj", "{131A083D-F12A-48FA-8A7D-381C6B5C222D}"
	ProjectSection(ProjectDependencies) = postProject
		{5F6B97F8-7EA6-4B5D-9A5D-F5581505C303} = {5F6B97F8-7EA6-4B5D-9A5D-F5581505C303}
	EndProjectSection
EndProject
Project("{2150E333-8FDC-42A3-9474-1A3956D46DE8}") = "Logo", "Logo", "{817B040E-5F27-4ACD-B1E4-F46452668A0E}"
	ProjectSection(SolutionItems) = preProject
		Deployment\Logo\Accord.NET Extensions.pptx = Deployment\Logo\Accord.NET Extensions.pptx
		Deployment\Logo\icon-big.png = Deployment\Logo\icon-big.png
		Deployment\Logo\icon-small.png = Deployment\Logo\icon-small.png
		Deployment\Logo\logo-big.png = Deployment\Logo\logo-big.png
		Deployment\Logo\logo-small.png = Deployment\Logo\logo-small.png
	EndProjectSection
EndProject
Project("{2150E333-8FDC-42A3-9474-1A3956D46DE8}") = "Portable", "Portable", "{5AC3FDBA-F48C-4641-B0D3-8CF80FC0F92E}"
EndProject
Project("{FAE04EC0-301F-11D3-BF4B-00C04F79EFBC}") = "Portable.Core", "Source\Portable\Portable.Core\Portable.Core.csproj", "{F45893BE-B481-496A-B5B7-32FB1287349E}"
EndProject
Project("{FAE04EC0-301F-11D3-BF4B-00C04F79EFBC}") = "Portable.Math", "Source\Portable\Portable.Math\Portable.Math.csproj", "{82F52E4E-59B2-42ED-8EBE-A44BE0D1536D}"
EndProject
Project("{FAE04EC0-301F-11D3-BF4B-00C04F79EFBC}") = "Portable.Statistics", "Source\Portable\Portable.Statistics\Portable.Statistics.csproj", "{5DE10955-8608-42F3-86A7-2D64D0B523C0}"
EndProject
Project("{FAE04EC0-301F-11D3-BF4B-00C04F79EFBC}") = "Portable.Imaging.GenericImage", "Source\Portable\Portable.Imaging.GenericImage\Portable.Imaging.GenericImage.csproj", "{DEC42FFA-B703-485E-B38E-E5C7AF938071}"
EndProject
Project("{FAE04EC0-301F-11D3-BF4B-00C04F79EFBC}") = "Portable.Imaging.BitmapInterop", "Source\Portable\Portable.Imaging.BitmapInterop\Portable.Imaging.BitmapInterop.csproj", "{D6AC9240-127E-42E4-9739-FDF213A62625}"
EndProject
Project("{FAE04EC0-301F-11D3-BF4B-00C04F79EFBC}") = "Portable.Imaging.AForgeInterop", "Source\Portable\Portable.Imaging.AForgeInterop\Portable.Imaging.AForgeInterop.csproj", "{70E8F840-E402-42A7-AEA4-89DA98A5D392}"
EndProject
Project("{FAE04EC0-301F-11D3-BF4B-00C04F79EFBC}") = "Portable.Imaging.Algorithms", "Source\Portable\Portable.Imaging.Algorithms\Portable.Imaging.Algorithms.csproj", "{A248C990-615E-4F0D-A661-10778D2C98A1}"
EndProject
Project("{FAE04EC0-301F-11D3-BF4B-00C04F79EFBC}") = "Portable.Imaging.Algorithms.LINE2D", "Source\Portable\Portable.Imaging.Algorithms.LINE2D\Portable.Imaging.Algorithms.LINE2D.csproj", "{B090E387-B8C2-487E-BD9B-BF1A98723079}"
EndProject
Global
	GlobalSection(SolutionConfigurationPlatforms) = preSolution
		Debug|Any CPU = Debug|Any CPU
		Debug|Win32 = Debug|Win32
		Debug|x64 = Debug|x64
		Release|Any CPU = Release|Any CPU
		Release|Win32 = Release|Win32
		Release|x64 = Release|x64
	EndGlobalSection
	GlobalSection(ProjectConfigurationPlatforms) = postSolution
		{06DC371A-D057-4353-9D70-544329B6CFEF}.Debug|Any CPU.ActiveCfg = Debug|Win32
		{06DC371A-D057-4353-9D70-544329B6CFEF}.Debug|Win32.ActiveCfg = Debug|Win32
		{06DC371A-D057-4353-9D70-544329B6CFEF}.Debug|Win32.Build.0 = Debug|Win32
		{06DC371A-D057-4353-9D70-544329B6CFEF}.Debug|x64.ActiveCfg = Debug|x64
		{06DC371A-D057-4353-9D70-544329B6CFEF}.Debug|x64.Build.0 = Debug|x64
		{06DC371A-D057-4353-9D70-544329B6CFEF}.Release|Any CPU.ActiveCfg = Release|x64
		{06DC371A-D057-4353-9D70-544329B6CFEF}.Release|Any CPU.Build.0 = Release|x64
		{06DC371A-D057-4353-9D70-544329B6CFEF}.Release|Win32.ActiveCfg = Release|Win32
		{06DC371A-D057-4353-9D70-544329B6CFEF}.Release|Win32.Build.0 = Release|Win32
		{06DC371A-D057-4353-9D70-544329B6CFEF}.Release|x64.ActiveCfg = Release|x64
		{06DC371A-D057-4353-9D70-544329B6CFEF}.Release|x64.Build.0 = Release|x64
		{5F6B97F8-7EA6-4B5D-9A5D-F5581505C303}.Debug|Any CPU.ActiveCfg = Debug|Any CPU
		{5F6B97F8-7EA6-4B5D-9A5D-F5581505C303}.Debug|Any CPU.Build.0 = Debug|Any CPU
		{5F6B97F8-7EA6-4B5D-9A5D-F5581505C303}.Debug|Win32.ActiveCfg = Debug|Any CPU
		{5F6B97F8-7EA6-4B5D-9A5D-F5581505C303}.Debug|x64.ActiveCfg = Debug|Any CPU
		{5F6B97F8-7EA6-4B5D-9A5D-F5581505C303}.Release|Any CPU.ActiveCfg = Release|Any CPU
		{5F6B97F8-7EA6-4B5D-9A5D-F5581505C303}.Release|Any CPU.Build.0 = Release|Any CPU
		{5F6B97F8-7EA6-4B5D-9A5D-F5581505C303}.Release|Win32.ActiveCfg = Release|Any CPU
		{5F6B97F8-7EA6-4B5D-9A5D-F5581505C303}.Release|x64.ActiveCfg = Release|Any CPU
		{131A083D-F12A-48FA-8A7D-381C6B5C222D}.Debug|Any CPU.ActiveCfg = Debug|Any CPU
		{131A083D-F12A-48FA-8A7D-381C6B5C222D}.Debug|Any CPU.Build.0 = Debug|Any CPU
		{131A083D-F12A-48FA-8A7D-381C6B5C222D}.Debug|Win32.ActiveCfg = Debug|Any CPU
		{131A083D-F12A-48FA-8A7D-381C6B5C222D}.Debug|x64.ActiveCfg = Debug|Any CPU
		{131A083D-F12A-48FA-8A7D-381C6B5C222D}.Release|Any CPU.ActiveCfg = Release|Any CPU
		{131A083D-F12A-48FA-8A7D-381C6B5C222D}.Release|Any CPU.Build.0 = Release|Any CPU
		{131A083D-F12A-48FA-8A7D-381C6B5C222D}.Release|Win32.ActiveCfg = Release|Any CPU
		{131A083D-F12A-48FA-8A7D-381C6B5C222D}.Release|x64.ActiveCfg = Release|Any CPU
		{F45893BE-B481-496A-B5B7-32FB1287349E}.Debug|Any CPU.ActiveCfg = Debug|Any CPU
		{F45893BE-B481-496A-B5B7-32FB1287349E}.Debug|Any CPU.Build.0 = Debug|Any CPU
		{F45893BE-B481-496A-B5B7-32FB1287349E}.Debug|Win32.ActiveCfg = Debug|Any CPU
		{F45893BE-B481-496A-B5B7-32FB1287349E}.Debug|x64.ActiveCfg = Debug|Any CPU
		{F45893BE-B481-496A-B5B7-32FB1287349E}.Release|Any CPU.ActiveCfg = Release|Any CPU
		{F45893BE-B481-496A-B5B7-32FB1287349E}.Release|Any CPU.Build.0 = Release|Any CPU
		{F45893BE-B481-496A-B5B7-32FB1287349E}.Release|Win32.ActiveCfg = Release|Any CPU
		{F45893BE-B481-496A-B5B7-32FB1287349E}.Release|x64.ActiveCfg = Release|Any CPU
		{82F52E4E-59B2-42ED-8EBE-A44BE0D1536D}.Debug|Any CPU.ActiveCfg = Debug|Any CPU
		{82F52E4E-59B2-42ED-8EBE-A44BE0D1536D}.Debug|Any CPU.Build.0 = Debug|Any CPU
		{82F52E4E-59B2-42ED-8EBE-A44BE0D1536D}.Debug|Win32.ActiveCfg = Debug|Any CPU
		{82F52E4E-59B2-42ED-8EBE-A44BE0D1536D}.Debug|x64.ActiveCfg = Debug|Any CPU
		{82F52E4E-59B2-42ED-8EBE-A44BE0D1536D}.Release|Any CPU.ActiveCfg = Release|Any CPU
		{82F52E4E-59B2-42ED-8EBE-A44BE0D1536D}.Release|Any CPU.Build.0 = Release|Any CPU
		{82F52E4E-59B2-42ED-8EBE-A44BE0D1536D}.Release|Win32.ActiveCfg = Release|Any CPU
		{82F52E4E-59B2-42ED-8EBE-A44BE0D1536D}.Release|x64.ActiveCfg = Release|Any CPU
		{5DE10955-8608-42F3-86A7-2D64D0B523C0}.Debug|Any CPU.ActiveCfg = Debug|Any CPU
		{5DE10955-8608-42F3-86A7-2D64D0B523C0}.Debug|Any CPU.Build.0 = Debug|Any CPU
		{5DE10955-8608-42F3-86A7-2D64D0B523C0}.Debug|Win32.ActiveCfg = Debug|Any CPU
		{5DE10955-8608-42F3-86A7-2D64D0B523C0}.Debug|x64.ActiveCfg = Debug|Any CPU
		{5DE10955-8608-42F3-86A7-2D64D0B523C0}.Release|Any CPU.ActiveCfg = Release|Any CPU
		{5DE10955-8608-42F3-86A7-2D64D0B523C0}.Release|Any CPU.Build.0 = Release|Any CPU
		{5DE10955-8608-42F3-86A7-2D64D0B523C0}.Release|Win32.ActiveCfg = Release|Any CPU
		{5DE10955-8608-42F3-86A7-2D64D0B523C0}.Release|x64.ActiveCfg = Release|Any CPU
		{DEC42FFA-B703-485E-B38E-E5C7AF938071}.Debug|Any CPU.ActiveCfg = Debug|Any CPU
		{DEC42FFA-B703-485E-B38E-E5C7AF938071}.Debug|Any CPU.Build.0 = Debug|Any CPU
		{DEC42FFA-B703-485E-B38E-E5C7AF938071}.Debug|Win32.ActiveCfg = Debug|Any CPU
		{DEC42FFA-B703-485E-B38E-E5C7AF938071}.Debug|x64.ActiveCfg = Debug|Any CPU
		{DEC42FFA-B703-485E-B38E-E5C7AF938071}.Release|Any CPU.ActiveCfg = Release|Any CPU
		{DEC42FFA-B703-485E-B38E-E5C7AF938071}.Release|Any CPU.Build.0 = Release|Any CPU
		{DEC42FFA-B703-485E-B38E-E5C7AF938071}.Release|Win32.ActiveCfg = Release|Any CPU
		{DEC42FFA-B703-485E-B38E-E5C7AF938071}.Release|x64.ActiveCfg = Release|Any CPU
		{D6AC9240-127E-42E4-9739-FDF213A62625}.Debug|Any CPU.ActiveCfg = Debug|Any CPU
		{D6AC9240-127E-42E4-9739-FDF213A62625}.Debug|Any CPU.Build.0 = Debug|Any CPU
		{D6AC9240-127E-42E4-9739-FDF213A62625}.Debug|Win32.ActiveCfg = Debug|Any CPU
		{D6AC9240-127E-42E4-9739-FDF213A62625}.Debug|x64.ActiveCfg = Debug|Any CPU
		{D6AC9240-127E-42E4-9739-FDF213A62625}.Release|Any CPU.ActiveCfg = Release|Any CPU
		{D6AC9240-127E-42E4-9739-FDF213A62625}.Release|Any CPU.Build.0 = Release|Any CPU
		{D6AC9240-127E-42E4-9739-FDF213A62625}.Release|Win32.ActiveCfg = Release|Any CPU
		{D6AC9240-127E-42E4-9739-FDF213A62625}.Release|x64.ActiveCfg = Release|Any CPU
		{70E8F840-E402-42A7-AEA4-89DA98A5D392}.Debug|Any CPU.ActiveCfg = Debug|Any CPU
		{70E8F840-E402-42A7-AEA4-89DA98A5D392}.Debug|Any CPU.Build.0 = Debug|Any CPU
		{70E8F840-E402-42A7-AEA4-89DA98A5D392}.Debug|Win32.ActiveCfg = Debug|Any CPU
		{70E8F840-E402-42A7-AEA4-89DA98A5D392}.Debug|x64.ActiveCfg = Debug|Any CPU
		{70E8F840-E402-42A7-AEA4-89DA98A5D392}.Release|Any CPU.ActiveCfg = Release|Any CPU
		{70E8F840-E402-42A7-AEA4-89DA98A5D392}.Release|Any CPU.Build.0 = Release|Any CPU
		{70E8F840-E402-42A7-AEA4-89DA98A5D392}.Release|Win32.ActiveCfg = Release|Any CPU
		{70E8F840-E402-42A7-AEA4-89DA98A5D392}.Release|x64.ActiveCfg = Release|Any CPU
		{A248C990-615E-4F0D-A661-10778D2C98A1}.Debug|Any CPU.ActiveCfg = Debug|Any CPU
		{A248C990-615E-4F0D-A661-10778D2C98A1}.Debug|Any CPU.Build.0 = Debug|Any CPU
		{A248C990-615E-4F0D-A661-10778D2C98A1}.Debug|Win32.ActiveCfg = Debug|Any CPU
		{A248C990-615E-4F0D-A661-10778D2C98A1}.Debug|x64.ActiveCfg = Debug|Any CPU
		{A248C990-615E-4F0D-A661-10778D2C98A1}.Release|Any CPU.ActiveCfg = Release|Any CPU
		{A248C990-615E-4F0D-A661-10778D2C98A1}.Release|Any CPU.Build.0 = Release|Any CPU
		{A248C990-615E-4F0D-A661-10778D2C98A1}.Release|Win32.ActiveCfg = Release|Any CPU
		{A248C990-615E-4F0D-A661-10778D2C98A1}.Release|x64.ActiveCfg = Release|Any CPU
		{B090E387-B8C2-487E-BD9B-BF1A98723079}.Debug|Any CPU.ActiveCfg = Debug|Any CPU
		{B090E387-B8C2-487E-BD9B-BF1A98723079}.Debug|Any CPU.Build.0 = Debug|Any CPU
		{B090E387-B8C2-487E-BD9B-BF1A98723079}.Debug|Win32.ActiveCfg = Debug|Any CPU
		{B090E387-B8C2-487E-BD9B-BF1A98723079}.Debug|x64.ActiveCfg = Debug|Any CPU
		{B090E387-B8C2-487E-BD9B-BF1A98723079}.Release|Any CPU.ActiveCfg = Release|Any CPU
		{B090E387-B8C2-487E-BD9B-BF1A98723079}.Release|Any CPU.Build.0 = Release|Any CPU
		{B090E387-B8C2-487E-BD9B-BF1A98723079}.Release|Win32.ActiveCfg = Release|Any CPU
		{B090E387-B8C2-487E-BD9B-BF1A98723079}.Release|x64.ActiveCfg = Release|Any CPU
	EndGlobalSection
	GlobalSection(SolutionProperties) = preSolution
		HideSolutionNode = FALSE
	EndGlobalSection
	GlobalSection(NestedProjects) = preSolution
		{D89DBEF4-6579-47B5-91EF-B7290D883D8D} = {80058A54-6223-480C-AA19-F99E7AE593F3}
		{81F23CF6-C8A5-4BB7-9070-3E2179BAB6EC} = {D89DBEF4-6579-47B5-91EF-B7290D883D8D}
		{06DC371A-D057-4353-9D70-544329B6CFEF} = {81F23CF6-C8A5-4BB7-9070-3E2179BAB6EC}
		{5F6B97F8-7EA6-4B5D-9A5D-F5581505C303} = {81F23CF6-C8A5-4BB7-9070-3E2179BAB6EC}
		{131A083D-F12A-48FA-8A7D-381C6B5C222D} = {80FC5EA1-3478-4E7F-8B05-190DF6750EA4}
		{817B040E-5F27-4ACD-B1E4-F46452668A0E} = {80FC5EA1-3478-4E7F-8B05-190DF6750EA4}
		{F45893BE-B481-496A-B5B7-32FB1287349E} = {5AC3FDBA-F48C-4641-B0D3-8CF80FC0F92E}
		{82F52E4E-59B2-42ED-8EBE-A44BE0D1536D} = {5AC3FDBA-F48C-4641-B0D3-8CF80FC0F92E}
		{5DE10955-8608-42F3-86A7-2D64D0B523C0} = {5AC3FDBA-F48C-4641-B0D3-8CF80FC0F92E}
		{DEC42FFA-B703-485E-B38E-E5C7AF938071} = {5AC3FDBA-F48C-4641-B0D3-8CF80FC0F92E}
		{D6AC9240-127E-42E4-9739-FDF213A62625} = {5AC3FDBA-F48C-4641-B0D3-8CF80FC0F92E}
		{70E8F840-E402-42A7-AEA4-89DA98A5D392} = {5AC3FDBA-F48C-4641-B0D3-8CF80FC0F92E}
		{A248C990-615E-4F0D-A661-10778D2C98A1} = {5AC3FDBA-F48C-4641-B0D3-8CF80FC0F92E}
		{B090E387-B8C2-487E-BD9B-BF1A98723079} = {5AC3FDBA-F48C-4641-B0D3-8CF80FC0F92E}
	EndGlobalSection
EndGlobal
